
Microsoft Visual Studio Solution File, Format Version 12.00
# Visual Studio Version 17
VisualStudioVersion = 17.0.31912.275
MinimumVisualStudioVersion = 10.0.40219.1
Project("{FAE04EC0-301F-11D3-BF4B-00C04F79EFBC}") = "Freezer.Site", "Freezer\Freezer.Site.csproj", "{65735432-7A14-48EA-B993-AC9FC18E910B}"
EndProject
Project("{2150E333-8FDC-42A3-9474-1A3956D46DE8}") = "Data", "Data", "{7137795D-470F-4B34-BB92-EEBB7760B672}"
EndProject
Project("{FAE04EC0-301F-11D3-BF4B-00C04F79EFBC}") = "Freezer.Data", "Freezer.Data\Freezer.Data.csproj", "{81479D06-8128-48B9-8C0E-1DFFBCF6600E}"
EndProject
Project("{FAE04EC0-301F-11D3-BF4B-00C04F79EFBC}") = "Freezer.Data.Providers.Sql", "Freezer.Data.Providers.Sql\Freezer.Data.Providers.Sql.csproj", "{06934750-63CB-4D7B-AA8F-D3FF65110FE2}"
EndProject
Project("{FAE04EC0-301F-11D3-BF4B-00C04F79EFBC}") = "Freezer.Core", "Freezer.Core\Freezer.Core.csproj", "{EDCCF981-801D-4482-85EE-F2153B336D72}"
EndProject
Project("{FAE04EC0-301F-11D3-BF4B-00C04F79EFBC}") = "Freezer.Business", "Freezer.Business\Freezer.Business.csproj", "{35D36680-2AEE-4626-BB32-B4EFD074031F}"
EndProject
Project("{00D1A9C2-B5F0-4AF3-8072-F6C62B433612}") = "Freezer.Database", "Freezer.Database\Freezer.Database.sqlproj", "{EEE261F4-D5DA-48FC-8D1A-E7C7511A637A}"
EndProject
Global
	GlobalSection(SolutionConfigurationPlatforms) = preSolution
		Debug|Any CPU = Debug|Any CPU
		Release|Any CPU = Release|Any CPU
	EndGlobalSection
	GlobalSection(ProjectConfigurationPlatforms) = postSolution
		{65735432-7A14-48EA-B993-AC9FC18E910B}.Debug|Any CPU.ActiveCfg = Debug|Any CPU
		{65735432-7A14-48EA-B993-AC9FC18E910B}.Debug|Any CPU.Build.0 = Debug|Any CPU
		{65735432-7A14-48EA-B993-AC9FC18E910B}.Release|Any CPU.ActiveCfg = Release|Any CPU
		{65735432-7A14-48EA-B993-AC9FC18E910B}.Release|Any CPU.Build.0 = Release|Any CPU
		{81479D06-8128-48B9-8C0E-1DFFBCF6600E}.Debug|Any CPU.ActiveCfg = Debug|Any CPU
		{81479D06-8128-48B9-8C0E-1DFFBCF6600E}.Debug|Any CPU.Build.0 = Debug|Any CPU
		{81479D06-8128-48B9-8C0E-1DFFBCF6600E}.Release|Any CPU.ActiveCfg = Release|Any CPU
		{81479D06-8128-48B9-8C0E-1DFFBCF6600E}.Release|Any CPU.Build.0 = Release|Any CPU
		{06934750-63CB-4D7B-AA8F-D3FF65110FE2}.Debug|Any CPU.ActiveCfg = Debug|Any CPU
		{06934750-63CB-4D7B-AA8F-D3FF65110FE2}.Debug|Any CPU.Build.0 = Debug|Any CPU
		{06934750-63CB-4D7B-AA8F-D3FF65110FE2}.Release|Any CPU.ActiveCfg = Release|Any CPU
		{06934750-63CB-4D7B-AA8F-D3FF65110FE2}.Release|Any CPU.Build.0 = Release|Any CPU
		{EDCCF981-801D-4482-85EE-F2153B336D72}.Debug|Any CPU.ActiveCfg = Debug|Any CPU
		{EDCCF981-801D-4482-85EE-F2153B336D72}.Debug|Any CPU.Build.0 = Debug|Any CPU
		{EDCCF981-801D-4482-85EE-F2153B336D72}.Release|Any CPU.ActiveCfg = Release|Any CPU
		{EDCCF981-801D-4482-85EE-F2153B336D72}.Release|Any CPU.Build.0 = Release|Any CPU
		{35D36680-2AEE-4626-BB32-B4EFD074031F}.Debug|Any CPU.ActiveCfg = Debug|Any CPU
		{35D36680-2AEE-4626-BB32-B4EFD074031F}.Debug|Any CPU.Build.0 = Debug|Any CPU
		{35D36680-2AEE-4626-BB32-B4EFD074031F}.Release|Any CPU.ActiveCfg = Release|Any CPU
		{35D36680-2AEE-4626-BB32-B4EFD074031F}.Release|Any CPU.Build.0 = Release|Any CPU
		{EEE261F4-D5DA-48FC-8D1A-E7C7511A637A}.Debug|Any CPU.ActiveCfg = Debug|Any CPU
		{EEE261F4-D5DA-48FC-8D1A-E7C7511A637A}.Debug|Any CPU.Build.0 = Debug|Any CPU
		{EEE261F4-D5DA-48FC-8D1A-E7C7511A637A}.Debug|Any CPU.Deploy.0 = Debug|Any CPU
		{EEE261F4-D5DA-48FC-8D1A-E7C7511A637A}.Release|Any CPU.ActiveCfg = Release|Any CPU
		{EEE261F4-D5DA-48FC-8D1A-E7C7511A637A}.Release|Any CPU.Build.0 = Release|Any CPU
		{EEE261F4-D5DA-48FC-8D1A-E7C7511A637A}.Release|Any CPU.Deploy.0 = Release|Any CPU
	EndGlobalSection
	GlobalSection(SolutionProperties) = preSolution
		HideSolutionNode = FALSE
	EndGlobalSection
	GlobalSection(NestedProjects) = preSolution
		{81479D06-8128-48B9-8C0E-1DFFBCF6600E} = {7137795D-470F-4B34-BB92-EEBB7760B672}
		{06934750-63CB-4D7B-AA8F-D3FF65110FE2} = {7137795D-470F-4B34-BB92-EEBB7760B672}
		{EEE261F4-D5DA-48FC-8D1A-E7C7511A637A} = {7137795D-470F-4B34-BB92-EEBB7760B672}
	EndGlobalSection
	GlobalSection(ExtensibilityGlobals) = postSolution
		SolutionGuid = {57DEECD3-EF08-4763-841E-C627FD1DA07E}
	EndGlobalSection
EndGlobal
